
Microsoft Visual Studio Solution File, Format Version 12.00
# Visual Studio 15
VisualStudioVersion = 15.0.28307.421
MinimumVisualStudioVersion = 10.0.40219.1
Project("{FAE04EC0-301F-11D3-BF4B-00C04F79EFBC}") = "AdventofCode", "AdventofCode.csproj", "{0AA8AFFC-C500-4E84-8063-33A429FC8485}"
EndProject
Global
	GlobalSection(SolutionConfigurationPlatforms) = preSolution
		Debug|x64 = Debug|x64
		Debug|x86 = Debug|x86
		Release|x64 = Release|x64
		Release|x86 = Release|x86
	EndGlobalSection
	GlobalSection(ProjectConfigurationPlatforms) = postSolution
		{0AA8AFFC-C500-4E84-8063-33A429FC8485}.Debug|x64.ActiveCfg = Debug|x64
		{0AA8AFFC-C500-4E84-8063-33A429FC8485}.Debug|x64.Build.0 = Debug|x64
		{0AA8AFFC-C500-4E84-8063-33A429FC8485}.Debug|x86.ActiveCfg = Debug|x86
		{0AA8AFFC-C500-4E84-8063-33A429FC8485}.Debug|x86.Build.0 = Debug|x86
		{0AA8AFFC-C500-4E84-8063-33A429FC8485}.Release|x64.ActiveCfg = Release|x64
		{0AA8AFFC-C500-4E84-8063-33A429FC8485}.Release|x64.Build.0 = Release|x64
		{0AA8AFFC-C500-4E84-8063-33A429FC8485}.Release|x86.ActiveCfg = Release|x86
		{0AA8AFFC-C500-4E84-8063-33A429FC8485}.Release|x86.Build.0 = Release|x86
	EndGlobalSection
	GlobalSection(SolutionProperties) = preSolution
		HideSolutionNode = FALSE
	EndGlobalSection
	GlobalSection(ExtensibilityGlobals) = postSolution
		SolutionGuid = {231DA612-AE0A-4A63-A934-933E2C6CDE9A}
	EndGlobalSection
EndGlobal
